
Microsoft Visual Studio Solution File, Format Version 12.00
# Visual Studio Version 17
VisualStudioVersion = 17.1.32210.238
MinimumVisualStudioVersion = 10.0.40219.1
Project("{9A19103F-16F7-4668-BE54-9A1E7A4F7556}") = "TodoApp.Win", "TodoApp.Win\TodoApp.Win.csproj", "{4E46FB48-1BDC-449D-BC74-2C0D94E4BF8C}"
EndProject
Project("{9A19103F-16F7-4668-BE54-9A1E7A4F7556}") = "TodoApp.EF", "TodoApp.EF\TodoApp.EF.csproj", "{768B442A-AAEB-4878-97D0-EF6E54E09AC3}"
EndProject
Project("{9A19103F-16F7-4668-BE54-9A1E7A4F7556}") = "TodoApp.Model", "TodoApp.Model\TodoApp.Model.csproj", "{AA87052B-D0CF-4F09-910C-DA29203C4E01}"
EndProject
Project("{FAE04EC0-301F-11D3-BF4B-00C04F79EFBC}") = "TodoApp.Web", "TodoApp.Web\TodoApp.Web.csproj", "{4B3B0B97-A7E0-4A98-9E47-A01C4ADD0050}"
EndProject
Global
	GlobalSection(SolutionConfigurationPlatforms) = preSolution
		Debug|Any CPU = Debug|Any CPU
		Release|Any CPU = Release|Any CPU
	EndGlobalSection
	GlobalSection(ProjectConfigurationPlatforms) = postSolution
		{4E46FB48-1BDC-449D-BC74-2C0D94E4BF8C}.Debug|Any CPU.ActiveCfg = Debug|Any CPU
		{4E46FB48-1BDC-449D-BC74-2C0D94E4BF8C}.Debug|Any CPU.Build.0 = Debug|Any CPU
		{4E46FB48-1BDC-449D-BC74-2C0D94E4BF8C}.Release|Any CPU.ActiveCfg = Release|Any CPU
		{4E46FB48-1BDC-449D-BC74-2C0D94E4BF8C}.Release|Any CPU.Build.0 = Release|Any CPU
		{768B442A-AAEB-4878-97D0-EF6E54E09AC3}.Debug|Any CPU.ActiveCfg = Debug|Any CPU
		{768B442A-AAEB-4878-97D0-EF6E54E09AC3}.Debug|Any CPU.Build.0 = Debug|Any CPU
		{768B442A-AAEB-4878-97D0-EF6E54E09AC3}.Release|Any CPU.ActiveCfg = Release|Any CPU
		{768B442A-AAEB-4878-97D0-EF6E54E09AC3}.Release|Any CPU.Build.0 = Release|Any CPU
		{AA87052B-D0CF-4F09-910C-DA29203C4E01}.Debug|Any CPU.ActiveCfg = Debug|Any CPU
		{AA87052B-D0CF-4F09-910C-DA29203C4E01}.Debug|Any CPU.Build.0 = Debug|Any CPU
		{AA87052B-D0CF-4F09-910C-DA29203C4E01}.Release|Any CPU.ActiveCfg = Release|Any CPU
		{AA87052B-D0CF-4F09-910C-DA29203C4E01}.Release|Any CPU.Build.0 = Release|Any CPU
		{4B3B0B97-A7E0-4A98-9E47-A01C4ADD0050}.Debug|Any CPU.ActiveCfg = Debug|Any CPU
		{4B3B0B97-A7E0-4A98-9E47-A01C4ADD0050}.Debug|Any CPU.Build.0 = Debug|Any CPU
		{4B3B0B97-A7E0-4A98-9E47-A01C4ADD0050}.Release|Any CPU.ActiveCfg = Release|Any CPU
		{4B3B0B97-A7E0-4A98-9E47-A01C4ADD0050}.Release|Any CPU.Build.0 = Release|Any CPU
	EndGlobalSection
	GlobalSection(SolutionProperties) = preSolution
		HideSolutionNode = FALSE
	EndGlobalSection
	GlobalSection(ExtensibilityGlobals) = postSolution
		SolutionGuid = {5BEF7FDD-3C7D-45EC-8C47-6D63858A5DFF}
	EndGlobalSection
EndGlobal
