
Microsoft Visual Studio Solution File, Format Version 12.00
# Visual Studio Version 17
VisualStudioVersion = 17.1.32210.238
MinimumVisualStudioVersion = 10.0.40219.1
Project("{9A19103F-16F7-4668-BE54-9A1E7A4F7556}") = "TodoApp.Win", "TodoApp.Win\TodoApp.Win.csproj", "{4E46FB48-1BDC-449D-BC74-2C0D94E4BF8C}"
EndProject
Project("{9A19103F-16F7-4668-BE54-9A1E7A4F7556}") = "TodoApp.EF", "TodoApp.EF\TodoApp.EF.csproj", "{768B442A-AAEB-4878-97D0-EF6E54E09AC3}"
EndProject
Project("{9A19103F-16F7-4668-BE54-9A1E7A4F7556}") = "TodoApp.Model", "TodoApp.Model\TodoApp.Model.csproj", "{AA87052B-D0CF-4F09-910C-DA29203C4E01}"
EndProject
Project("{9A19103F-16F7-4668-BE54-9A1E7A4F7556}") = "TodoApp.Web", "TodoApp.Web\TodoApp.Web.csproj", "{4B3B0B97-A7E0-4A98-9E47-A01C4ADD0050}"
EndProject
Project("{2150E333-8FDC-42A3-9474-1A3956D46DE8}") = "Mvc", "Mvc", "{6E4BFED8-E1BA-488F-9BE4-0EAF34A0CC24}"
EndProject
Project("{2150E333-8FDC-42A3-9474-1A3956D46DE8}") = "Win", "Win", "{10A9F825-ABA9-44A6-A048-DE58D449D09F}"
EndProject
Project("{2150E333-8FDC-42A3-9474-1A3956D46DE8}") = "Common", "Common", "{682CD8B6-E90E-48F1-A057-4EBFE94A8C2B}"
EndProject
Project("{2150E333-8FDC-42A3-9474-1A3956D46DE8}") = "Blazor", "Blazor", "{FF844750-0004-4CB2-85D7-DE02A48593C3}"
EndProject
Project("{9A19103F-16F7-4668-BE54-9A1E7A4F7556}") = "TodoApp.Blazor.Server", "TodoApp.Blazor\Server\TodoApp.Blazor.Server.csproj", "{9C8C11FC-6D27-420B-B67C-E73F92B67269}"
EndProject
Project("{9A19103F-16F7-4668-BE54-9A1E7A4F7556}") = "TodoApp.Blazor.Client", "TodoApp.Blazor\Client\TodoApp.Blazor.Client.csproj", "{B2571ED1-DD16-4D16-A756-02A937A98DBC}"
EndProject
Project("{9A19103F-16F7-4668-BE54-9A1E7A4F7556}") = "TodoApp.Blazor.Shared", "TodoApp.Blazor\Shared\TodoApp.Blazor.Shared.csproj", "{5747BC92-C368-42F0-8842-49EF09587225}"
EndProject
Global
	GlobalSection(SolutionConfigurationPlatforms) = preSolution
		Debug|Any CPU = Debug|Any CPU
		Release|Any CPU = Release|Any CPU
	EndGlobalSection
	GlobalSection(ProjectConfigurationPlatforms) = postSolution
		{4E46FB48-1BDC-449D-BC74-2C0D94E4BF8C}.Debug|Any CPU.ActiveCfg = Debug|Any CPU
		{4E46FB48-1BDC-449D-BC74-2C0D94E4BF8C}.Debug|Any CPU.Build.0 = Debug|Any CPU
		{4E46FB48-1BDC-449D-BC74-2C0D94E4BF8C}.Release|Any CPU.ActiveCfg = Release|Any CPU
		{4E46FB48-1BDC-449D-BC74-2C0D94E4BF8C}.Release|Any CPU.Build.0 = Release|Any CPU
		{768B442A-AAEB-4878-97D0-EF6E54E09AC3}.Debug|Any CPU.ActiveCfg = Debug|Any CPU
		{768B442A-AAEB-4878-97D0-EF6E54E09AC3}.Debug|Any CPU.Build.0 = Debug|Any CPU
		{768B442A-AAEB-4878-97D0-EF6E54E09AC3}.Release|Any CPU.ActiveCfg = Release|Any CPU
		{768B442A-AAEB-4878-97D0-EF6E54E09AC3}.Release|Any CPU.Build.0 = Release|Any CPU
		{AA87052B-D0CF-4F09-910C-DA29203C4E01}.Debug|Any CPU.ActiveCfg = Debug|Any CPU
		{AA87052B-D0CF-4F09-910C-DA29203C4E01}.Debug|Any CPU.Build.0 = Debug|Any CPU
		{AA87052B-D0CF-4F09-910C-DA29203C4E01}.Release|Any CPU.ActiveCfg = Release|Any CPU
		{AA87052B-D0CF-4F09-910C-DA29203C4E01}.Release|Any CPU.Build.0 = Release|Any CPU
		{4B3B0B97-A7E0-4A98-9E47-A01C4ADD0050}.Debug|Any CPU.ActiveCfg = Debug|Any CPU
		{4B3B0B97-A7E0-4A98-9E47-A01C4ADD0050}.Debug|Any CPU.Build.0 = Debug|Any CPU
		{4B3B0B97-A7E0-4A98-9E47-A01C4ADD0050}.Release|Any CPU.ActiveCfg = Release|Any CPU
		{4B3B0B97-A7E0-4A98-9E47-A01C4ADD0050}.Release|Any CPU.Build.0 = Release|Any CPU
		{9C8C11FC-6D27-420B-B67C-E73F92B67269}.Debug|Any CPU.ActiveCfg = Debug|Any CPU
		{9C8C11FC-6D27-420B-B67C-E73F92B67269}.Debug|Any CPU.Build.0 = Debug|Any CPU
		{9C8C11FC-6D27-420B-B67C-E73F92B67269}.Release|Any CPU.ActiveCfg = Release|Any CPU
		{9C8C11FC-6D27-420B-B67C-E73F92B67269}.Release|Any CPU.Build.0 = Release|Any CPU
		{B2571ED1-DD16-4D16-A756-02A937A98DBC}.Debug|Any CPU.ActiveCfg = Debug|Any CPU
		{B2571ED1-DD16-4D16-A756-02A937A98DBC}.Debug|Any CPU.Build.0 = Debug|Any CPU
		{B2571ED1-DD16-4D16-A756-02A937A98DBC}.Release|Any CPU.ActiveCfg = Release|Any CPU
		{B2571ED1-DD16-4D16-A756-02A937A98DBC}.Release|Any CPU.Build.0 = Release|Any CPU
		{5747BC92-C368-42F0-8842-49EF09587225}.Debug|Any CPU.ActiveCfg = Debug|Any CPU
		{5747BC92-C368-42F0-8842-49EF09587225}.Debug|Any CPU.Build.0 = Debug|Any CPU
		{5747BC92-C368-42F0-8842-49EF09587225}.Release|Any CPU.ActiveCfg = Release|Any CPU
		{5747BC92-C368-42F0-8842-49EF09587225}.Release|Any CPU.Build.0 = Release|Any CPU
	EndGlobalSection
	GlobalSection(SolutionProperties) = preSolution
		HideSolutionNode = FALSE
	EndGlobalSection
	GlobalSection(NestedProjects) = preSolution
		{4E46FB48-1BDC-449D-BC74-2C0D94E4BF8C} = {10A9F825-ABA9-44A6-A048-DE58D449D09F}
		{768B442A-AAEB-4878-97D0-EF6E54E09AC3} = {682CD8B6-E90E-48F1-A057-4EBFE94A8C2B}
		{AA87052B-D0CF-4F09-910C-DA29203C4E01} = {682CD8B6-E90E-48F1-A057-4EBFE94A8C2B}
		{4B3B0B97-A7E0-4A98-9E47-A01C4ADD0050} = {6E4BFED8-E1BA-488F-9BE4-0EAF34A0CC24}
		{9C8C11FC-6D27-420B-B67C-E73F92B67269} = {FF844750-0004-4CB2-85D7-DE02A48593C3}
		{B2571ED1-DD16-4D16-A756-02A937A98DBC} = {FF844750-0004-4CB2-85D7-DE02A48593C3}
		{5747BC92-C368-42F0-8842-49EF09587225} = {FF844750-0004-4CB2-85D7-DE02A48593C3}
	EndGlobalSection
	GlobalSection(ExtensibilityGlobals) = postSolution
		SolutionGuid = {5BEF7FDD-3C7D-45EC-8C47-6D63858A5DFF}
	EndGlobalSection
EndGlobal
